
Microsoft Visual Studio Solution File, Format Version 12.00
# Visual Studio Version 17
VisualStudioVersion = 17.5.33516.290
MinimumVisualStudioVersion = 10.0.40219.1
Project("{9A19103F-16F7-4668-BE54-9A1E7A4F7556}") = "EFCodeFirst.UI", "EFCodeFirst\EFCodeFirst.UI.csproj", "{B57339E6-B4D3-4B2A-9DD0-DF3CAD044FFF}"
EndProject
Project("{FAE04EC0-301F-11D3-BF4B-00C04F79EFBC}") = "Domain", "Domain\Domain.csproj", "{80917DE6-054D-4F17-971B-79F9C529341A}"
EndProject
Project("{FAE04EC0-301F-11D3-BF4B-00C04F79EFBC}") = "Application", "Application\Application.csproj", "{C6B4A2E9-B72F-49B8-AFD9-BC0F05EB1286}"
EndProject
Project("{FAE04EC0-301F-11D3-BF4B-00C04F79EFBC}") = "Infrastucture", "Infrastucture\Infrastucture.csproj", "{F56BAE76-FAE5-4555-B8A4-557FE458D4C8}"
EndProject
Global
	GlobalSection(SolutionConfigurationPlatforms) = preSolution
		Debug|Any CPU = Debug|Any CPU
		Release|Any CPU = Release|Any CPU
	EndGlobalSection
	GlobalSection(ProjectConfigurationPlatforms) = postSolution
		{B57339E6-B4D3-4B2A-9DD0-DF3CAD044FFF}.Debug|Any CPU.ActiveCfg = Debug|Any CPU
		{B57339E6-B4D3-4B2A-9DD0-DF3CAD044FFF}.Debug|Any CPU.Build.0 = Debug|Any CPU
		{B57339E6-B4D3-4B2A-9DD0-DF3CAD044FFF}.Release|Any CPU.ActiveCfg = Release|Any CPU
		{B57339E6-B4D3-4B2A-9DD0-DF3CAD044FFF}.Release|Any CPU.Build.0 = Release|Any CPU
		{80917DE6-054D-4F17-971B-79F9C529341A}.Debug|Any CPU.ActiveCfg = Debug|Any CPU
		{80917DE6-054D-4F17-971B-79F9C529341A}.Debug|Any CPU.Build.0 = Debug|Any CPU
		{80917DE6-054D-4F17-971B-79F9C529341A}.Release|Any CPU.ActiveCfg = Release|Any CPU
		{80917DE6-054D-4F17-971B-79F9C529341A}.Release|Any CPU.Build.0 = Release|Any CPU
		{C6B4A2E9-B72F-49B8-AFD9-BC0F05EB1286}.Debug|Any CPU.ActiveCfg = Debug|Any CPU
		{C6B4A2E9-B72F-49B8-AFD9-BC0F05EB1286}.Debug|Any CPU.Build.0 = Debug|Any CPU
		{C6B4A2E9-B72F-49B8-AFD9-BC0F05EB1286}.Release|Any CPU.ActiveCfg = Release|Any CPU
		{C6B4A2E9-B72F-49B8-AFD9-BC0F05EB1286}.Release|Any CPU.Build.0 = Release|Any CPU
		{F56BAE76-FAE5-4555-B8A4-557FE458D4C8}.Debug|Any CPU.ActiveCfg = Debug|Any CPU
		{F56BAE76-FAE5-4555-B8A4-557FE458D4C8}.Debug|Any CPU.Build.0 = Debug|Any CPU
		{F56BAE76-FAE5-4555-B8A4-557FE458D4C8}.Release|Any CPU.ActiveCfg = Release|Any CPU
		{F56BAE76-FAE5-4555-B8A4-557FE458D4C8}.Release|Any CPU.Build.0 = Release|Any CPU
	EndGlobalSection
	GlobalSection(SolutionProperties) = preSolution
		HideSolutionNode = FALSE
	EndGlobalSection
	GlobalSection(ExtensibilityGlobals) = postSolution
		SolutionGuid = {BE1B30D7-E07C-48DF-B9EC-B4253CBE925E}
	EndGlobalSection
EndGlobal
